# This file was autogenerated by Stack.
# You should not edit this file by hand.
# For more information, please see the documentation at:
#   https://docs.haskellstack.org/en/stable/lock_files

packages:
- completed:
    hackage: codo-notation-0.5.2@sha256:f6d6fd39aa2f410db0910a49cc39d16b1712f11cbe8026f6b5047f4332ce2637,2783
    pantry-tree:
      size: 227
      sha256: 6154e91ab3c85eedf11c3946b794791e5b29608c5fee48c61974851d22178036
  original:
    hackage: codo-notation-0.5.2@sha256:f6d6fd39aa2f410db0910a49cc39d16b1712f11cbe8026f6b5047f4332ce2637,2783
snapshots:
- completed:
    size: 524163
    url: https://raw.githubusercontent.com/commercialhaskell/stackage-snapshots/master/lts/14/25.yaml
    sha256: 97548b4e927a8a862d4a203687ca18a3f5d2ae75b4b72c946fb29c17df1a5082
  original: lts-14.25
